// !$*UTF8*$!
{
	archiveVersion = 1;
	classes = {
	};
	objectVersion = 46;
	objects = {

/* Begin PBXBuildFile section */
		5358D0E51CE3F2A60089951E /* AppDelegate.swift in Sources */ = {isa = PBXBuildFile; fileRef = 5358D0E41CE3F2A60089951E /* AppDelegate.swift */; };
		5358D0E71CE3F2A60089951E /* ViewController.swift in Sources */ = {isa = PBXBuildFile; fileRef = 5358D0E61CE3F2A60089951E /* ViewController.swift */; };
		5358D0EA1CE3F2A60089951E /* Main.storyboard in Resources */ = {isa = PBXBuildFile; fileRef = 5358D0E81CE3F2A60089951E /* Main.storyboard */; };
		5358D0EC1CE3F2A60089951E /* Assets.xcassets in Resources */ = {isa = PBXBuildFile; fileRef = 5358D0EB1CE3F2A60089951E /* Assets.xcassets */; };
		5358D0EF1CE3F2A60089951E /* LaunchScreen.storyboard in Resources */ = {isa = PBXBuildFile; fileRef = 5358D0ED1CE3F2A60089951E /* LaunchScreen.storyboard */; };
		5358D0F71CE409D00089951E /* pokemon.csv in Resources */ = {isa = PBXBuildFile; fileRef = 5358D0F61CE409D00089951E /* pokemon.csv */; };
		5358D0FA1CE40BA40089951E /* Pokemon.swift in Sources */ = {isa = PBXBuildFile; fileRef = 5358D0F91CE40BA40089951E /* Pokemon.swift */; };
		5358D0FD1CE415100089951E /* PokeCell.swift in Sources */ = {isa = PBXBuildFile; fileRef = 5358D0FC1CE415100089951E /* PokeCell.swift */; };
		5358D0FF1CE4215A0089951E /* csv.swift in Sources */ = {isa = PBXBuildFile; fileRef = 5358D0FE1CE4215A0089951E /* csv.swift */; };
		5358D1041CE495CD0089951E /* Pokemon.ttf in Resources */ = {isa = PBXBuildFile; fileRef = 5358D1031CE495CC0089951E /* Pokemon.ttf */; };
		5358D1061CE498A60089951E /* music.mp3 in Resources */ = {isa = PBXBuildFile; fileRef = 5358D1051CE498A60089951E /* music.mp3 */; };
		5358D1081CE4AA580089951E /* PokemonDetailVC.swift in Sources */ = {isa = PBXBuildFile; fileRef = 5358D1071CE4AA580089951E /* PokemonDetailVC.swift */; };
		53D8282E1CE4FB9B003F8E1D /* Constants.swift in Sources */ = {isa = PBXBuildFile; fileRef = 53D8282D1CE4FB9B003F8E1D /* Constants.swift */; };
		C54A55F7B8DA9C8ECC616EF3 /* Pods_poke_albumKR.framework in Frameworks */ = {isa = PBXBuildFile; fileRef = 8F9F5ADAE6EA803FF8009A89 /* Pods_poke_albumKR.framework */; };
/* End PBXBuildFile section */

/* Begin PBXFileReference section */
		5358D0E11CE3F2A60089951E /* poke_albumKR.app */ = {isa = PBXFileReference; explicitFileType = wrapper.application; includeInIndex = 0; path = poke_albumKR.app; sourceTree = BUILT_PRODUCTS_DIR; };
		5358D0E41CE3F2A60089951E /* AppDelegate.swift */ = {isa = PBXFileReference; lastKnownFileType = sourcecode.swift; path = AppDelegate.swift; sourceTree = "<group>"; };
		5358D0E61CE3F2A60089951E /* ViewController.swift */ = {isa = PBXFileReference; lastKnownFileType = sourcecode.swift; path = ViewController.swift; sourceTree = "<group>"; };
		5358D0E91CE3F2A60089951E /* Base */ = {isa = PBXFileReference; lastKnownFileType = file.storyboard; name = Base; path = Base.lproj/Main.storyboard; sourceTree = "<group>"; };
		5358D0EB1CE3F2A60089951E /* Assets.xcassets */ = {isa = PBXFileReference; lastKnownFileType = folder.assetcatalog; path = Assets.xcassets; sourceTree = "<group>"; };
		5358D0EE1CE3F2A60089951E /* Base */ = {isa = PBXFileReference; lastKnownFileType = file.storyboard; name = Base; path = Base.lproj/LaunchScreen.storyboard; sourceTree = "<group>"; };
		5358D0F01CE3F2A60089951E /* Info.plist */ = {isa = PBXFileReference; lastKnownFileType = text.plist.xml; path = Info.plist; sourceTree = "<group>"; };
		5358D0F61CE409D00089951E /* pokemon.csv */ = {isa = PBXFileReference; fileEncoding = 4; lastKnownFileType = text; path = pokemon.csv; sourceTree = "<group>"; };
		5358D0F91CE40BA40089951E /* Pokemon.swift */ = {isa = PBXFileReference; fileEncoding = 4; lastKnownFileType = sourcecode.swift; path = Pokemon.swift; sourceTree = "<group>"; };
		5358D0FC1CE415100089951E /* PokeCell.swift */ = {isa = PBXFileReference; fileEncoding = 4; lastKnownFileType = sourcecode.swift; path = PokeCell.swift; sourceTree = "<group>"; };
		5358D0FE1CE4215A0089951E /* csv.swift */ = {isa = PBXFileReference; fileEncoding = 4; lastKnownFileType = sourcecode.swift; path = csv.swift; sourceTree = "<group>"; };
		5358D1031CE495CC0089951E /* Pokemon.ttf */ = {isa = PBXFileReference; lastKnownFileType = file; path = Pokemon.ttf; sourceTree = "<group>"; };
		5358D1051CE498A60089951E /* music.mp3 */ = {isa = PBXFileReference; lastKnownFileType = audio.mp3; path = music.mp3; sourceTree = "<group>"; };
		5358D1071CE4AA580089951E /* PokemonDetailVC.swift */ = {isa = PBXFileReference; fileEncoding = 4; lastKnownFileType = sourcecode.swift; path = PokemonDetailVC.swift; sourceTree = "<group>"; };
		53D8282D1CE4FB9B003F8E1D /* Constants.swift */ = {isa = PBXFileReference; fileEncoding = 4; lastKnownFileType = sourcecode.swift; path = Constants.swift; sourceTree = "<group>"; };
		6D5EEB5708539ABE60C9213C /* Pods-poke_albumKR.release.xcconfig */ = {isa = PBXFileReference; includeInIndex = 1; lastKnownFileType = text.xcconfig; name = "Pods-poke_albumKR.release.xcconfig"; path = "Pods/Target Support Files/Pods-poke_albumKR/Pods-poke_albumKR.release.xcconfig"; sourceTree = "<group>"; };
		8F9F5ADAE6EA803FF8009A89 /* Pods_poke_albumKR.framework */ = {isa = PBXFileReference; explicitFileType = wrapper.framework; includeInIndex = 0; path = Pods_poke_albumKR.framework; sourceTree = BUILT_PRODUCTS_DIR; };
		AE4FE4E2004E2B70E134FD3D /* Pods-poke_albumKR.debug.xcconfig */ = {isa = PBXFileReference; includeInIndex = 1; lastKnownFileType = text.xcconfig; name = "Pods-poke_albumKR.debug.xcconfig"; path = "Pods/Target Support Files/Pods-poke_albumKR/Pods-poke_albumKR.debug.xcconfig"; sourceTree = "<group>"; };
/* End PBXFileReference section */

/* Begin PBXFrameworksBuildPhase section */
		5358D0DE1CE3F2A60089951E /* Frameworks */ = {
			isa = PBXFrameworksBuildPhase;
			buildActionMask = 2147483647;
			files = (
				C54A55F7B8DA9C8ECC616EF3 /* Pods_poke_albumKR.framework in Frameworks */,
			);
			runOnlyForDeploymentPostprocessing = 0;
		};
/* End PBXFrameworksBuildPhase section */

/* Begin PBXGroup section */
		5358D0D81CE3F2A60089951E = {
			isa = PBXGroup;
			children = (
				5358D0E31CE3F2A60089951E /* poke_albumKR */,
				5358D0E21CE3F2A60089951E /* Products */,
				5D813B5E5FD218DCBC2BFF31 /* Pods */,
				D324768F9AA777FBAF8D27AB /* Frameworks */,
			);
			sourceTree = "<group>";
		};
		5358D0E21CE3F2A60089951E /* Products */ = {
			isa = PBXGroup;
			children = (
				5358D0E11CE3F2A60089951E /* poke_albumKR.app */,
			);
			name = Products;
			sourceTree = "<group>";
		};
		5358D0E31CE3F2A60089951E /* poke_albumKR */ = {
			isa = PBXGroup;
			children = (
				5358D1021CE421F70089951E /* Resources */,
				5358D1001CE421DB0089951E /* Utils */,
				5358D0F81CE40B7F0089951E /* Model */,
				5358D0FB1CE414C40089951E /* View */,
				5358D1011CE421ED0089951E /* Controller */,
				5358D0E41CE3F2A60089951E /* AppDelegate.swift */,
				5358D0E81CE3F2A60089951E /* Main.storyboard */,
				5358D0EB1CE3F2A60089951E /* Assets.xcassets */,
				5358D0ED1CE3F2A60089951E /* LaunchScreen.storyboard */,
				5358D0F01CE3F2A60089951E /* Info.plist */,
			);
			path = poke_albumKR;
			sourceTree = "<group>";
		};
		5358D0F81CE40B7F0089951E /* Model */ = {
			isa = PBXGroup;
			children = (
				5358D0F91CE40BA40089951E /* Pokemon.swift */,
			);
			name = Model;
			sourceTree = "<group>";
		};
		5358D0FB1CE414C40089951E /* View */ = {
			isa = PBXGroup;
			children = (
				5358D0FC1CE415100089951E /* PokeCell.swift */,
			);
			name = View;
			sourceTree = "<group>";
		};
		5358D1001CE421DB0089951E /* Utils */ = {
			isa = PBXGroup;
			children = (
				5358D0FE1CE4215A0089951E /* csv.swift */,
				53D8282D1CE4FB9B003F8E1D /* Constants.swift */,
			);
			name = Utils;
			sourceTree = "<group>";
		};
		5358D1011CE421ED0089951E /* Controller */ = {
			isa = PBXGroup;
			children = (
				5358D0E61CE3F2A60089951E /* ViewController.swift */,
				5358D1071CE4AA580089951E /* PokemonDetailVC.swift */,
			);
			name = Controller;
			sourceTree = "<group>";
		};
		5358D1021CE421F70089951E /* Resources */ = {
			isa = PBXGroup;
			children = (
				5358D1051CE498A60089951E /* music.mp3 */,
				5358D1031CE495CC0089951E /* Pokemon.ttf */,
				5358D0F61CE409D00089951E /* pokemon.csv */,
			);
			name = Resources;
			sourceTree = "<group>";
		};
		5D813B5E5FD218DCBC2BFF31 /* Pods */ = {
			isa = PBXGroup;
			children = (
				AE4FE4E2004E2B70E134FD3D /* Pods-poke_albumKR.debug.xcconfig */,
				6D5EEB5708539ABE60C9213C /* Pods-poke_albumKR.release.xcconfig */,
			);
			name = Pods;
			sourceTree = "<group>";
		};
		D324768F9AA777FBAF8D27AB /* Frameworks */ = {
			isa = PBXGroup;
			children = (
				8F9F5ADAE6EA803FF8009A89 /* Pods_poke_albumKR.framework */,
			);
			name = Frameworks;
			sourceTree = "<group>";
		};
/* End PBXGroup section */

/* Begin PBXNativeTarget section */
		5358D0E01CE3F2A60089951E /* poke_albumKR */ = {
			isa = PBXNativeTarget;
			buildConfigurationList = 5358D0F31CE3F2A60089951E /* Build configuration list for PBXNativeTarget "poke_albumKR" */;
			buildPhases = (
				5ABDAE43664AF2E64DDE5146 /* Check Pods Manifest.lock */,
				5358D0DD1CE3F2A60089951E /* Sources */,
				5358D0DE1CE3F2A60089951E /* Frameworks */,
				5358D0DF1CE3F2A60089951E /* Resources */,
				295C334D9359EEAF8797F7FA /* Embed Pods Frameworks */,
				AE3D28C74704981DE7749ABE /* Copy Pods Resources */,
			);
			buildRules = (
			);
			dependencies = (
			);
			name = poke_albumKR;
			productName = poke_albumKR;
			productReference = 5358D0E11CE3F2A60089951E /* poke_albumKR.app */;
			productType = "com.apple.product-type.application";
		};
/* End PBXNativeTarget section */

/* Begin PBXProject section */
		5358D0D91CE3F2A60089951E /* Project object */ = {
			isa = PBXProject;
			attributes = {
				LastSwiftUpdateCheck = 0730;
				LastUpgradeCheck = 0730;
				ORGANIZATIONNAME = "Keith Russell";
				TargetAttributes = {
					5358D0E01CE3F2A60089951E = {
						CreatedOnToolsVersion = 7.3.1;
					};
				};
			};
			buildConfigurationList = 5358D0DC1CE3F2A60089951E /* Build configuration list for PBXProject "poke_albumKR" */;
			compatibilityVersion = "Xcode 3.2";
			developmentRegion = English;
			hasScannedForEncodings = 0;
			knownRegions = (
				en,
				Base,
			);
			mainGroup = 5358D0D81CE3F2A60089951E;
			productRefGroup = 5358D0E21CE3F2A60089951E /* Products */;
			projectDirPath = "";
			projectRoot = "";
			targets = (
				5358D0E01CE3F2A60089951E /* poke_albumKR */,
			);
		};
/* End PBXProject section */

/* Begin PBXResourcesBuildPhase section */
		5358D0DF1CE3F2A60089951E /* Resources */ = {
			isa = PBXResourcesBuildPhase;
			buildActionMask = 2147483647;
			files = (
				5358D0EF1CE3F2A60089951E /* LaunchScreen.storyboard in Resources */,
				5358D1041CE495CD0089951E /* Pokemon.ttf in Resources */,
				5358D1061CE498A60089951E /* music.mp3 in Resources */,
				5358D0EC1CE3F2A60089951E /* Assets.xcassets in Resources */,
				5358D0F71CE409D00089951E /* pokemon.csv in Resources */,
				5358D0EA1CE3F2A60089951E /* Main.storyboard in Resources */,
			);
			runOnlyForDeploymentPostprocessing = 0;
		};
/* End PBXResourcesBuildPhase section */

/* Begin PBXShellScriptBuildPhase section */
		295C334D9359EEAF8797F7FA /* Embed Pods Frameworks */ = {
			isa = PBXShellScriptBuildPhase;
			buildActionMask = 2147483647;
			files = (
			);
			inputPaths = (
			);
			name = "Embed Pods Frameworks";
			outputPaths = (
			);
			runOnlyForDeploymentPostprocessing = 0;
			shellPath = /bin/sh;
			shellScript = "\"${SRCROOT}/Pods/Target Support Files/Pods-poke_albumKR/Pods-poke_albumKR-frameworks.sh\"\n";
			showEnvVarsInLog = 0;
		};
		5ABDAE43664AF2E64DDE5146 /* Check Pods Manifest.lock */ = {
			isa = PBXShellScriptBuildPhase;
			buildActionMask = 2147483647;
			files = (
			);
			inputPaths = (
			);
			name = "Check Pods Manifest.lock";
			outputPaths = (
			);
			runOnlyForDeploymentPostprocessing = 0;
			shellPath = /bin/sh;
			shellScript = "diff \"${PODS_ROOT}/../Podfile.lock\" \"${PODS_ROOT}/Manifest.lock\" > /dev/null\nif [[ $? != 0 ]] ; then\n    cat << EOM\nerror: The sandbox is not in sync with the Podfile.lock. Run 'pod install' or update your CocoaPods installation.\nEOM\n    exit 1\nfi\n";
			showEnvVarsInLog = 0;
		};
		AE3D28C74704981DE7749ABE /* Copy Pods Resources */ = {
			isa = PBXShellScriptBuildPhase;
			buildActionMask = 2147483647;
			files = (
			);
			inputPaths = (
			);
			name = "Copy Pods Resources";
			outputPaths = (
			);
			runOnlyForDeploymentPostprocessing = 0;
			shellPath = /bin/sh;
			shellScript = "\"${SRCROOT}/Pods/Target Support Files/Pods-poke_albumKR/Pods-poke_albumKR-resources.sh\"\n";
			showEnvVarsInLog = 0;
		};
/* End PBXShellScriptBuildPhase section */

/* Begin PBXSourcesBuildPhase section */
		5358D0DD1CE3F2A60089951E /* Sources */ = {
			isa = PBXSourcesBuildPhase;
			buildActionMask = 2147483647;
			files = (
				5358D0FD1CE415100089951E /* PokeCell.swift in Sources */,
				5358D0E71CE3F2A60089951E /* ViewController.swift in Sources */,
				5358D0E51CE3F2A60089951E /* AppDelegate.swift in Sources */,
				5358D1081CE4AA580089951E /* PokemonDetailVC.swift in Sources */,
				53D8282E1CE4FB9B003F8E1D /* Constants.swift in Sources */,
				5358D0FA1CE40BA40089951E /* Pokemon.swift in Sources */,
				5358D0FF1CE4215A0089951E /* csv.swift in Sources */,
			);
			runOnlyForDeploymentPostprocessing = 0;
		};
/* End PBXSourcesBuildPhase section */

/* Begin PBXVariantGroup section */
		5358D0E81CE3F2A60089951E /* Main.storyboard */ = {
			isa = PBXVariantGroup;
			children = (
				5358D0E91CE3F2A60089951E /* Base */,
			);
			name = Main.storyboard;
			sourceTree = "<group>";
		};
		5358D0ED1CE3F2A60089951E /* LaunchScreen.storyboard */ = {
			isa = PBXVariantGroup;
			children = (
				5358D0EE1CE3F2A60089951E /* Base */,
			);
			name = LaunchScreen.storyboard;
			sourceTree = "<group>";
		};
/* End PBXVariantGroup section */

/* Begin XCBuildConfiguration section */
		5358D0F11CE3F2A60089951E /* Debug */ = {
			isa = XCBuildConfiguration;
			buildSettings = {
				ALWAYS_SEARCH_USER_PATHS = NO;
				CLANG_ANALYZER_NONNULL = YES;
				CLANG_CXX_LANGUAGE_STANDARD = "gnu++0x";
				CLANG_CXX_LIBRARY = "libc++";
				CLANG_ENABLE_MODULES = YES;
				CLANG_ENABLE_OBJC_ARC = YES;
				CLANG_WARN_BOOL_CONVERSION = YES;
				CLANG_WARN_CONSTANT_CONVERSION = YES;
				CLANG_WARN_DIRECT_OBJC_ISA_USAGE = YES_ERROR;
				CLANG_WARN_EMPTY_BODY = YES;
				CLANG_WARN_ENUM_CONVERSION = YES;
				CLANG_WARN_INT_CONVERSION = YES;
				CLANG_WARN_OBJC_ROOT_CLASS = YES_ERROR;
				CLANG_WARN_UNREACHABLE_CODE = YES;
				CLANG_WARN__DUPLICATE_METHOD_MATCH = YES;
				"CODE_SIGN_IDENTITY[sdk=iphoneos*]" = "iPhone Developer";
				COPY_PHASE_STRIP = NO;
				DEBUG_INFORMATION_FORMAT = dwarf;
				ENABLE_STRICT_OBJC_MSGSEND = YES;
				ENABLE_TESTABILITY = YES;
				GCC_C_LANGUAGE_STANDARD = gnu99;
				GCC_DYNAMIC_NO_PIC = NO;
				GCC_NO_COMMON_BLOCKS = YES;
				GCC_OPTIMIZATION_LEVEL = 0;
				GCC_PREPROCESSOR_DEFINITIONS = (
					"DEBUG=1",
					"$(inherited)",
				);
				GCC_WARN_64_TO_32_BIT_CONVERSION = YES;
				GCC_WARN_ABOUT_RETURN_TYPE = YES_ERROR;
				GCC_WARN_UNDECLARED_SELECTOR = YES;
				GCC_WARN_UNINITIALIZED_AUTOS = YES_AGGRESSIVE;
				GCC_WARN_UNUSED_FUNCTION = YES;
				GCC_WARN_UNUSED_VARIABLE = YES;
				IPHONEOS_DEPLOYMENT_TARGET = 9.3;
				MTL_ENABLE_DEBUG_INFO = YES;
				ONLY_ACTIVE_ARCH = YES;
				SDKROOT = iphoneos;
				SWIFT_OPTIMIZATION_LEVEL = "-Onone";
			};
			name = Debug;
		};
		5358D0F21CE3F2A60089951E /* Release */ = {
			isa = XCBuildConfiguration;
			buildSettings = {
				ALWAYS_SEARCH_USER_PATHS = NO;
				CLANG_ANALYZER_NONNULL = YES;
				CLANG_CXX_LANGUAGE_STANDARD = "gnu++0x";
				CLANG_CXX_LIBRARY = "libc++";
				CLANG_ENABLE_MODULES = YES;
				CLANG_ENABLE_OBJC_ARC = YES;
				CLANG_WARN_BOOL_CONVERSION = YES;
				CLANG_WARN_CONSTANT_CONVERSION = YES;
				CLANG_WARN_DIRECT_OBJC_ISA_USAGE = YES_ERROR;
				CLANG_WARN_EMPTY_BODY = YES;
				CLANG_WARN_ENUM_CONVERSION = YES;
				CLANG_WARN_INT_CONVERSION = YES;
				CLANG_WARN_OBJC_ROOT_CLASS = YES_ERROR;
				CLANG_WARN_UNREACHABLE_CODE = YES;
				CLANG_WARN__DUPLICATE_METHOD_MATCH = YES;
				"CODE_SIGN_IDENTITY[sdk=iphoneos*]" = "iPhone Developer";
				COPY_PHASE_STRIP = NO;
				DEBUG_INFORMATION_FORMAT = "dwarf-with-dsym";
				ENABLE_NS_ASSERTIONS = NO;
				ENABLE_STRICT_OBJC_MSGSEND = YES;
				GCC_C_LANGUAGE_STANDARD = gnu99;
				GCC_NO_COMMON_BLOCKS = YES;
				GCC_WARN_64_TO_32_BIT_CONVERSION = YES;
				GCC_WARN_ABOUT_RETURN_TYPE = YES_ERROR;
				GCC_WARN_UNDECLARED_SELECTOR = YES;
				GCC_WARN_UNINITIALIZED_AUTOS = YES_AGGRESSIVE;
				GCC_WARN_UNUSED_FUNCTION = YES;
				GCC_WARN_UNUSED_VARIABLE = YES;
				IPHONEOS_DEPLOYMENT_TARGET = 9.3;
				MTL_ENABLE_DEBUG_INFO = NO;
				SDKROOT = iphoneos;
				VALIDATE_PRODUCT = YES;
			};
			name = Release;
		};
		5358D0F41CE3F2A60089951E /* Debug */ = {
			isa = XCBuildConfiguration;
			baseConfigurationReference = AE4FE4E2004E2B70E134FD3D /* Pods-poke_albumKR.debug.xcconfig */;
			buildSettings = {
				ASSETCATALOG_COMPILER_APPICON_NAME = AppIcon;
				INFOPLIST_FILE = poke_albumKR/Info.plist;
				LD_RUNPATH_SEARCH_PATHS = "$(inherited) @executable_path/Frameworks";
				PRODUCT_BUNDLE_IDENTIFIER = "russinnova.poke-albumKR";
				PRODUCT_NAME = "$(TARGET_NAME)";
			};
			name = Debug;
		};
		5358D0F51CE3F2A60089951E /* Release */ = {
			isa = XCBuildConfiguration;
			baseConfigurationReference = 6D5EEB5708539ABE60C9213C /* Pods-poke_albumKR.release.xcconfig */;
			buildSettings = {
				ASSETCATALOG_COMPILER_APPICON_NAME = AppIcon;
				INFOPLIST_FILE = poke_albumKR/Info.plist;
				LD_RUNPATH_SEARCH_PATHS = "$(inherited) @executable_path/Frameworks";
				PRODUCT_BUNDLE_IDENTIFIER = "russinnova.poke-albumKR";
				PRODUCT_NAME = "$(TARGET_NAME)";
			};
			name = Release;
		};
/* End XCBuildConfiguration section */

/* Begin XCConfigurationList section */
		5358D0DC1CE3F2A60089951E /* Build configuration list for PBXProject "poke_albumKR" */ = {
			isa = XCConfigurationList;
			buildConfigurations = (
				5358D0F11CE3F2A60089951E /* Debug */,
				5358D0F21CE3F2A60089951E /* Release */,
			);
			defaultConfigurationIsVisible = 0;
			defaultConfigurationName = Release;
		};
		5358D0F31CE3F2A60089951E /* Build configuration list for PBXNativeTarget "poke_albumKR" */ = {
			isa = XCConfigurationList;
			buildConfigurations = (
				5358D0F41CE3F2A60089951E /* Debug */,
				5358D0F51CE3F2A60089951E /* Release */,
			);
			defaultConfigurationIsVisible = 0;
			defaultConfigurationName = Release;
		};
/* End XCConfigurationList section */
	};
	rootObject = 5358D0D91CE3F2A60089951E /* Project object */;
}
